
Microsoft Visual Studio Solution File, Format Version 12.00
# Visual Studio Version 17
VisualStudioVersion = 17.14.36616.10 d17.14
MinimumVisualStudioVersion = 10.0.40219.1
Project("{FAE04EC0-301F-11D3-BF4B-00C04F79EFBC}") = "ModernVintageGUI", "ModernVintageGUI\ModernVintageGUI\ModernVintageGUI.csproj", "{7FEC2668-4B16-4E65-9F70-A64974CC7CD2}"
EndProject
Project("{FAE04EC0-301F-11D3-BF4B-00C04F79EFBC}") = "CakeBuild", "ModernVintageGUI\ZZCakeBuild\CakeBuild.csproj", "{C6B3B434-B4DB-4E95-A972-4D7D0E35F435}"
EndProject
Global
	GlobalSection(SolutionConfigurationPlatforms) = preSolution
		Debug|Any CPU = Debug|Any CPU
		Release|Any CPU = Release|Any CPU
	EndGlobalSection
	GlobalSection(ProjectConfigurationPlatforms) = postSolution
		{7FEC2668-4B16-4E65-9F70-A64974CC7CD2}.Debug|Any CPU.ActiveCfg = Debug|Any CPU
		{7FEC2668-4B16-4E65-9F70-A64974CC7CD2}.Debug|Any CPU.Build.0 = Debug|Any CPU
		{7FEC2668-4B16-4E65-9F70-A64974CC7CD2}.Release|Any CPU.ActiveCfg = Release|Any CPU
		{7FEC2668-4B16-4E65-9F70-A64974CC7CD2}.Release|Any CPU.Build.0 = Release|Any CPU
		{C6B3B434-B4DB-4E95-A972-4D7D0E35F435}.Debug|Any CPU.ActiveCfg = Debug|Any CPU
		{C6B3B434-B4DB-4E95-A972-4D7D0E35F435}.Debug|Any CPU.Build.0 = Debug|Any CPU
		{C6B3B434-B4DB-4E95-A972-4D7D0E35F435}.Release|Any CPU.ActiveCfg = Release|Any CPU
		{C6B3B434-B4DB-4E95-A972-4D7D0E35F435}.Release|Any CPU.Build.0 = Release|Any CPU
	EndGlobalSection
	GlobalSection(SolutionProperties) = preSolution
		HideSolutionNode = FALSE
	EndGlobalSection
	GlobalSection(ExtensibilityGlobals) = postSolution
		SolutionGuid = {121AB040-B968-4A2C-88B7-1862849F7A9F}
	EndGlobalSection
EndGlobal
